github.com/cuishuang/assert v0.0.0-20180331014554-0b0d0ef4fa54 h1:gqbcYDsHP4hq7Jckc7N/a31WbChI+LOPDDO6UukbbY4=
github.com/cuishuang/assert v0.0.0-20180331014554-0b0d0ef4fa54/go.mod h1:325tC8ogbTXjo20bVC/90Xt1VPx/S/PADcr4kSpOSIU=
github.com/kr/pretty v0.2.0/go.mod h1:ipq/a2n7PKx3OHsz4KJII5eveXtPO4qwEXGdVfWzfnI=
github.com/kr/pty v1.1.1/go.mod h1:pFQYn66WHrOpPYNljwOMqo10TkYh1fy3cYio2l3bCsQ=
github.com/kr/text v0.1.0/go.mod h1:4Jbv+DJW3UT/LiOwJeYQe1efqtUx/iVham/4vfdArNI=
